
Microsoft Visual Studio Solution File, Format Version 12.00
# Visual Studio Version 16
VisualStudioVersion = 16.0.31702.278
MinimumVisualStudioVersion = 10.0.40219.1
Project("{FAE04EC0-301F-11D3-BF4B-00C04F79EFBC}") = "CFS_Latam_cashApplicationTool", "CFS_Latam_cashApplicationTool.csproj", "{E8D7574C-9788-4D59-9B38-E7ADCE7E8FA9}"
EndProject
Global
	GlobalSection(SolutionConfigurationPlatforms) = preSolution
		Debug|Any CPU = Debug|Any CPU
		Release|Any CPU = Release|Any CPU
	EndGlobalSection
	GlobalSection(ProjectConfigurationPlatforms) = postSolution
		{E8D7574C-9788-4D59-9B38-E7ADCE7E8FA9}.Debug|Any CPU.ActiveCfg = Debug|Any CPU
		{E8D7574C-9788-4D59-9B38-E7ADCE7E8FA9}.Debug|Any CPU.Build.0 = Debug|Any CPU
		{E8D7574C-9788-4D59-9B38-E7ADCE7E8FA9}.Release|Any CPU.ActiveCfg = Release|Any CPU
		{E8D7574C-9788-4D59-9B38-E7ADCE7E8FA9}.Release|Any CPU.Build.0 = Release|Any CPU
	EndGlobalSection
	GlobalSection(SolutionProperties) = preSolution
		HideSolutionNode = FALSE
	EndGlobalSection
	GlobalSection(ExtensibilityGlobals) = postSolution
		SolutionGuid = {6FEA90C4-07A8-48F7-86EB-3FDCCC588ABF}
	EndGlobalSection
EndGlobal
